// !$*UTF8*$!
{
	archiveVersion = 1;
	classes = {
	};
	objectVersion = 46;
	objects = {

/* Begin PBXBuildFile section */
		460279C31A38A32E00A52A5D /* KeychainManager.swift in Sources */ = {isa = PBXBuildFile; fileRef = 460279C21A38A32E00A52A5D /* KeychainManager.swift */; };
		461246DF1A384A5C00F8BE62 /* AppDelegate.swift in Sources */ = {isa = PBXBuildFile; fileRef = 461246DE1A384A5C00F8BE62 /* AppDelegate.swift */; };
		461246E41A384A5C00F8BE62 /* Main.storyboard in Resources */ = {isa = PBXBuildFile; fileRef = 461246E21A384A5C00F8BE62 /* Main.storyboard */; };
		461246E61A384A5C00F8BE62 /* Images.xcassets in Resources */ = {isa = PBXBuildFile; fileRef = 461246E51A384A5C00F8BE62 /* Images.xcassets */; };
		461246E91A384A5C00F8BE62 /* LaunchScreen.xib in Resources */ = {isa = PBXBuildFile; fileRef = 461246E71A384A5C00F8BE62 /* LaunchScreen.xib */; };
		461246F51A384A5C00F8BE62 /* TouchLoginDemoTests.swift in Sources */ = {isa = PBXBuildFile; fileRef = 461246F41A384A5C00F8BE62 /* TouchLoginDemoTests.swift */; };
		461246FF1A384AC800F8BE62 /* LoginViewController.swift in Sources */ = {isa = PBXBuildFile; fileRef = 461246FE1A384AC800F8BE62 /* LoginViewController.swift */; };
		461247011A384AF300F8BE62 /* OptionsViewController.swift in Sources */ = {isa = PBXBuildFile; fileRef = 461247001A384AF300F8BE62 /* OptionsViewController.swift */; };
		46DDBE9E1A3860CD0050F6E0 /* OptionsCell.swift in Sources */ = {isa = PBXBuildFile; fileRef = 46DDBE9D1A3860CD0050F6E0 /* OptionsCell.swift */; };
/* End PBXBuildFile section */

/* Begin PBXContainerItemProxy section */
		461246EF1A384A5C00F8BE62 /* PBXContainerItemProxy */ = {
			isa = PBXContainerItemProxy;
			containerPortal = 461246D11A384A5C00F8BE62 /* Project object */;
			proxyType = 1;
			remoteGlobalIDString = 461246D81A384A5C00F8BE62;
			remoteInfo = TouchLoginDemo;
		};
/* End PBXContainerItemProxy section */

/* Begin PBXFileReference section */
		460279C21A38A32E00A52A5D /* KeychainManager.swift */ = {isa = PBXFileReference; fileEncoding = 4; lastKnownFileType = sourcecode.swift; path = KeychainManager.swift; sourceTree = "<group>"; };
		461246D91A384A5C00F8BE62 /* TouchLoginDemo.app */ = {isa = PBXFileReference; explicitFileType = wrapper.application; includeInIndex = 0; path = TouchLoginDemo.app; sourceTree = BUILT_PRODUCTS_DIR; };
		461246DD1A384A5C00F8BE62 /* Info.plist */ = {isa = PBXFileReference; lastKnownFileType = text.plist.xml; path = Info.plist; sourceTree = "<group>"; };
		461246DE1A384A5C00F8BE62 /* AppDelegate.swift */ = {isa = PBXFileReference; lastKnownFileType = sourcecode.swift; path = AppDelegate.swift; sourceTree = "<group>"; };
		461246E31A384A5C00F8BE62 /* Base */ = {isa = PBXFileReference; lastKnownFileType = file.storyboard; name = Base; path = Base.lproj/Main.storyboard; sourceTree = "<group>"; };
		461246E51A384A5C00F8BE62 /* Images.xcassets */ = {isa = PBXFileReference; lastKnownFileType = folder.assetcatalog; path = Images.xcassets; sourceTree = "<group>"; };
		461246E81A384A5C00F8BE62 /* Base */ = {isa = PBXFileReference; lastKnownFileType = file.xib; name = Base; path = Base.lproj/LaunchScreen.xib; sourceTree = "<group>"; };
		461246EE1A384A5C00F8BE62 /* TouchLoginDemoTests.xctest */ = {isa = PBXFileReference; explicitFileType = wrapper.cfbundle; includeInIndex = 0; path = TouchLoginDemoTests.xctest; sourceTree = BUILT_PRODUCTS_DIR; };
		461246F31A384A5C00F8BE62 /* Info.plist */ = {isa = PBXFileReference; lastKnownFileType = text.plist.xml; path = Info.plist; sourceTree = "<group>"; };
		461246F41A384A5C00F8BE62 /* TouchLoginDemoTests.swift */ = {isa = PBXFileReference; lastKnownFileType = sourcecode.swift; path = TouchLoginDemoTests.swift; sourceTree = "<group>"; };
		461246FE1A384AC800F8BE62 /* LoginViewController.swift */ = {isa = PBXFileReference; fileEncoding = 4; lastKnownFileType = sourcecode.swift; path = LoginViewController.swift; sourceTree = "<group>"; };
		461247001A384AF300F8BE62 /* OptionsViewController.swift */ = {isa = PBXFileReference; fileEncoding = 4; lastKnownFileType = sourcecode.swift; path = OptionsViewController.swift; sourceTree = "<group>"; };
		46DDBE9D1A3860CD0050F6E0 /* OptionsCell.swift */ = {isa = PBXFileReference; fileEncoding = 4; lastKnownFileType = sourcecode.swift; path = OptionsCell.swift; sourceTree = "<group>"; };
/* End PBXFileReference section */

/* Begin PBXFrameworksBuildPhase section */
		461246D61A384A5C00F8BE62 /* Frameworks */ = {
			isa = PBXFrameworksBuildPhase;
			buildActionMask = 2147483647;
			files = (
			);
			runOnlyForDeploymentPostprocessing = 0;
		};
		461246EB1A384A5C00F8BE62 /* Frameworks */ = {
			isa = PBXFrameworksBuildPhase;
			buildActionMask = 2147483647;
			files = (
			);
			runOnlyForDeploymentPostprocessing = 0;
		};
/* End PBXFrameworksBuildPhase section */

/* Begin PBXGroup section */
		461246D01A384A5C00F8BE62 = {
			isa = PBXGroup;
			children = (
				461246DB1A384A5C00F8BE62 /* TouchLoginDemo */,
				461246F11A384A5C00F8BE62 /* TouchLoginDemoTests */,
				461246DA1A384A5C00F8BE62 /* Products */,
			);
			sourceTree = "<group>";
		};
		461246DA1A384A5C00F8BE62 /* Products */ = {
			isa = PBXGroup;
			children = (
				461246D91A384A5C00F8BE62 /* TouchLoginDemo.app */,
				461246EE1A384A5C00F8BE62 /* TouchLoginDemoTests.xctest */,
			);
			name = Products;
			sourceTree = "<group>";
		};
		461246DB1A384A5C00F8BE62 /* TouchLoginDemo */ = {
			isa = PBXGroup;
			children = (
				461246DE1A384A5C00F8BE62 /* AppDelegate.swift */,
				461246FE1A384AC800F8BE62 /* LoginViewController.swift */,
				461247001A384AF300F8BE62 /* OptionsViewController.swift */,
				461246E21A384A5C00F8BE62 /* Main.storyboard */,
				46DDBE9D1A3860CD0050F6E0 /* OptionsCell.swift */,
				460279C21A38A32E00A52A5D /* KeychainManager.swift */,
				461246E51A384A5C00F8BE62 /* Images.xcassets */,
				461246E71A384A5C00F8BE62 /* LaunchScreen.xib */,
				461246DC1A384A5C00F8BE62 /* Supporting Files */,
			);
			path = TouchLoginDemo;
			sourceTree = "<group>";
		};
		461246DC1A384A5C00F8BE62 /* Supporting Files */ = {
			isa = PBXGroup;
			children = (
				461246DD1A384A5C00F8BE62 /* Info.plist */,
			);
			name = "Supporting Files";
			sourceTree = "<group>";
		};
		461246F11A384A5C00F8BE62 /* TouchLoginDemoTests */ = {
			isa = PBXGroup;
			children = (
				461246F41A384A5C00F8BE62 /* TouchLoginDemoTests.swift */,
				461246F21A384A5C00F8BE62 /* Supporting Files */,
			);
			path = TouchLoginDemoTests;
			sourceTree = "<group>";
		};
		461246F21A384A5C00F8BE62 /* Supporting Files */ = {
			isa = PBXGroup;
			children = (
				461246F31A384A5C00F8BE62 /* Info.plist */,
			);
			name = "Supporting Files";
			sourceTree = "<group>";
		};
/* End PBXGroup section */

/* Begin PBXNativeTarget section */
		461246D81A384A5C00F8BE62 /* TouchLoginDemo */ = {
			isa = PBXNativeTarget;
			buildConfigurationList = 461246F81A384A5C00F8BE62 /* Build configuration list for PBXNativeTarget "TouchLoginDemo" */;
			buildPhases = (
				461246D51A384A5C00F8BE62 /* Sources */,
				461246D61A384A5C00F8BE62 /* Frameworks */,
				461246D71A384A5C00F8BE62 /* Resources */,
			);
			buildRules = (
			);
			dependencies = (
			);
			name = TouchLoginDemo;
			productName = TouchLoginDemo;
			productReference = 461246D91A384A5C00F8BE62 /* TouchLoginDemo.app */;
			productType = "com.apple.product-type.application";
		};
		461246ED1A384A5C00F8BE62 /* TouchLoginDemoTests */ = {
			isa = PBXNativeTarget;
			buildConfigurationList = 461246FB1A384A5C00F8BE62 /* Build configuration list for PBXNativeTarget "TouchLoginDemoTests" */;
			buildPhases = (
				461246EA1A384A5C00F8BE62 /* Sources */,
				461246EB1A384A5C00F8BE62 /* Frameworks */,
				461246EC1A384A5C00F8BE62 /* Resources */,
			);
			buildRules = (
			);
			dependencies = (
				461246F01A384A5C00F8BE62 /* PBXTargetDependency */,
			);
			name = TouchLoginDemoTests;
			productName = TouchLoginDemoTests;
			productReference = 461246EE1A384A5C00F8BE62 /* TouchLoginDemoTests.xctest */;
			productType = "com.apple.product-type.bundle.unit-test";
		};
/* End PBXNativeTarget section */

/* Begin PBXProject section */
		461246D11A384A5C00F8BE62 /* Project object */ = {
			isa = PBXProject;
			attributes = {
				LastUpgradeCheck = 0610;
				ORGANIZATIONNAME = "Alessandro Sisto";
				TargetAttributes = {
					461246D81A384A5C00F8BE62 = {
						CreatedOnToolsVersion = 6.1.1;
					};
					461246ED1A384A5C00F8BE62 = {
						CreatedOnToolsVersion = 6.1.1;
						TestTargetID = 461246D81A384A5C00F8BE62;
					};
				};
			};
			buildConfigurationList = 461246D41A384A5C00F8BE62 /* Build configuration list for PBXProject "TouchLoginDemo" */;
			compatibilityVersion = "Xcode 3.2";
			developmentRegion = English;
			hasScannedForEncodings = 0;
			knownRegions = (
				en,
				Base,
			);
			mainGroup = 461246D01A384A5C00F8BE62;
			productRefGroup = 461246DA1A384A5C00F8BE62 /* Products */;
			projectDirPath = "";
			projectRoot = "";
			targets = (
				461246D81A384A5C00F8BE62 /* TouchLoginDemo */,
				461246ED1A384A5C00F8BE62 /* TouchLoginDemoTests */,
			);
		};
/* End PBXProject section */

/* Begin PBXResourcesBuildPhase section */
		461246D71A384A5C00F8BE62 /* Resources */ = {
			isa = PBXResourcesBuildPhase;
			buildActionMask = 2147483647;
			files = (
				461246E41A384A5C00F8BE62 /* Main.storyboard in Resources */,
				461246E91A384A5C00F8BE62 /* LaunchScreen.xib in Resources */,
				461246E61A384A5C00F8BE62 /* Images.xcassets in Resources */,
			);
			runOnlyForDeploymentPostprocessing = 0;
		};
		461246EC1A384A5C00F8BE62 /* Resources */ = {
			isa = PBXResourcesBuildPhase;
			buildActionMask = 2147483647;
			files = (
			);
			runOnlyForDeploymentPostprocessing = 0;
		};
/* End PBXResourcesBuildPhase section */

/* Begin PBXSourcesBuildPhase section */
		461246D51A384A5C00F8BE62 /* Sources */ = {
			isa = PBXSourcesBuildPhase;
			buildActionMask = 2147483647;
			files = (
				46DDBE9E1A3860CD0050F6E0 /* OptionsCell.swift in Sources */,
				461246FF1A384AC800F8BE62 /* LoginViewController.swift in Sources */,
				461247011A384AF300F8BE62 /* OptionsViewController.swift in Sources */,
				461246DF1A384A5C00F8BE62 /* AppDelegate.swift in Sources */,
				460279C31A38A32E00A52A5D /* KeychainManager.swift in Sources */,
			);
			runOnlyForDeploymentPostprocessing = 0;
		};
		461246EA1A384A5C00F8BE62 /* Sources */ = {
			isa = PBXSourcesBuildPhase;
			buildActionMask = 2147483647;
			files = (
				461246F51A384A5C00F8BE62 /* TouchLoginDemoTests.swift in Sources */,
			);
			runOnlyForDeploymentPostprocessing = 0;
		};
/* End PBXSourcesBuildPhase section */

/* Begin PBXTargetDependency section */
		461246F01A384A5C00F8BE62 /* PBXTargetDependency */ = {
			isa = PBXTargetDependency;
			target = 461246D81A384A5C00F8BE62 /* TouchLoginDemo */;
			targetProxy = 461246EF1A384A5C00F8BE62 /* PBXContainerItemProxy */;
		};
/* End PBXTargetDependency section */

/* Begin PBXVariantGroup section */
		461246E21A384A5C00F8BE62 /* Main.storyboard */ = {
			isa = PBXVariantGroup;
			children = (
				461246E31A384A5C00F8BE62 /* Base */,
			);
			name = Main.storyboard;
			sourceTree = "<group>";
		};
		461246E71A384A5C00F8BE62 /* LaunchScreen.xib */ = {
			isa = PBXVariantGroup;
			children = (
				461246E81A384A5C00F8BE62 /* Base */,
			);
			name = LaunchScreen.xib;
			sourceTree = "<group>";
		};
/* End PBXVariantGroup section */

/* Begin XCBuildConfiguration section */
		461246F61A384A5C00F8BE62 /* Debug */ = {
			isa = XCBuildConfiguration;
			buildSettings = {
				ALWAYS_SEARCH_USER_PATHS = NO;
				CLANG_CXX_LANGUAGE_STANDARD = "gnu++0x";
				CLANG_CXX_LIBRARY = "libc++";
				CLANG_ENABLE_MODULES = YES;
				CLANG_ENABLE_OBJC_ARC = YES;
				CLANG_WARN_BOOL_CONVERSION = YES;
				CLANG_WARN_CONSTANT_CONVERSION = YES;
				CLANG_WARN_DIRECT_OBJC_ISA_USAGE = YES_ERROR;
				CLANG_WARN_EMPTY_BODY = YES;
				CLANG_WARN_ENUM_CONVERSION = YES;
				CLANG_WARN_INT_CONVERSION = YES;
				CLANG_WARN_OBJC_ROOT_CLASS = YES_ERROR;
				CLANG_WARN_UNREACHABLE_CODE = YES;
				CLANG_WARN__DUPLICATE_METHOD_MATCH = YES;
				"CODE_SIGN_IDENTITY[sdk=iphoneos*]" = "iPhone Developer";
				COPY_PHASE_STRIP = NO;
				ENABLE_STRICT_OBJC_MSGSEND = YES;
				GCC_C_LANGUAGE_STANDARD = gnu99;
				GCC_DYNAMIC_NO_PIC = NO;
				GCC_OPTIMIZATION_LEVEL = 0;
				GCC_PREPROCESSOR_DEFINITIONS = (
					"DEBUG=1",
					"$(inherited)",
				);
				GCC_SYMBOLS_PRIVATE_EXTERN = NO;
				GCC_WARN_64_TO_32_BIT_CONVERSION = YES;
				GCC_WARN_ABOUT_RETURN_TYPE = YES_ERROR;
				GCC_WARN_UNDECLARED_SELECTOR = YES;
				GCC_WARN_UNINITIALIZED_AUTOS = YES_AGGRESSIVE;
				GCC_WARN_UNUSED_FUNCTION = YES;
				GCC_WARN_UNUSED_VARIABLE = YES;
				IPHONEOS_DEPLOYMENT_TARGET = 8.1;
				MTL_ENABLE_DEBUG_INFO = YES;
				ONLY_ACTIVE_ARCH = YES;
				SDKROOT = iphoneos;
				SWIFT_OPTIMIZATION_LEVEL = "-Onone";
			};
			name = Debug;
		};
		461246F71A384A5C00F8BE62 /* Release */ = {
			isa = XCBuildConfiguration;
			buildSettings = {
				ALWAYS_SEARCH_USER_PATHS = NO;
				CLANG_CXX_LANGUAGE_STANDARD = "gnu++0x";
				CLANG_CXX_LIBRARY = "libc++";
				CLANG_ENABLE_MODULES = YES;
				CLANG_ENABLE_OBJC_ARC = YES;
				CLANG_WARN_BOOL_CONVERSION = YES;
				CLANG_WARN_CONSTANT_CONVERSION = YES;
				CLANG_WARN_DIRECT_OBJC_ISA_USAGE = YES_ERROR;
				CLANG_WARN_EMPTY_BODY = YES;
				CLANG_WARN_ENUM_CONVERSION = YES;
				CLANG_WARN_INT_CONVERSION = YES;
				CLANG_WARN_OBJC_ROOT_CLASS = YES_ERROR;
				CLANG_WARN_UNREACHABLE_CODE = YES;
				CLANG_WARN__DUPLICATE_METHOD_MATCH = YES;
				"CODE_SIGN_IDENTITY[sdk=iphoneos*]" = "iPhone Developer";
				COPY_PHASE_STRIP = YES;
				ENABLE_NS_ASSERTIONS = NO;
				ENABLE_STRICT_OBJC_MSGSEND = YES;
				GCC_C_LANGUAGE_STANDARD = gnu99;
				GCC_WARN_64_TO_32_BIT_CONVERSION = YES;
				GCC_WARN_ABOUT_RETURN_TYPE = YES_ERROR;
				GCC_WARN_UNDECLARED_SELECTOR = YES;
				GCC_WARN_UNINITIALIZED_AUTOS = YES_AGGRESSIVE;
				GCC_WARN_UNUSED_FUNCTION = YES;
				GCC_WARN_UNUSED_VARIABLE = YES;
				IPHONEOS_DEPLOYMENT_TARGET = 8.1;
				MTL_ENABLE_DEBUG_INFO = NO;
				SDKROOT = iphoneos;
				VALIDATE_PRODUCT = YES;
			};
			name = Release;
		};
		461246F91A384A5C00F8BE62 /* Debug */ = {
			isa = XCBuildConfiguration;
			buildSettings = {
				ASSETCATALOG_COMPILER_APPICON_NAME = AppIcon;
				CODE_SIGN_IDENTITY = "iPhone Developer";
				"CODE_SIGN_IDENTITY[sdk=iphoneos*]" = "iPhone Developer";
				INFOPLIST_FILE = TouchLoginDemo/Info.plist;
				LD_RUNPATH_SEARCH_PATHS = "$(inherited) @executable_path/Frameworks";
				PRODUCT_NAME = "$(TARGET_NAME)";
				PROVISIONING_PROFILE = "";
			};
			name = Debug;
		};
		461246FA1A384A5C00F8BE62 /* Release */ = {
			isa = XCBuildConfiguration;
			buildSettings = {
				ASSETCATALOG_COMPILER_APPICON_NAME = AppIcon;
				CODE_SIGN_IDENTITY = "iPhone Developer";
				"CODE_SIGN_IDENTITY[sdk=iphoneos*]" = "iPhone Developer";
				INFOPLIST_FILE = TouchLoginDemo/Info.plist;
				LD_RUNPATH_SEARCH_PATHS = "$(inherited) @executable_path/Frameworks";
				PRODUCT_NAME = "$(TARGET_NAME)";
				PROVISIONING_PROFILE = "";
			};
			name = Release;
		};
		461246FC1A384A5C00F8BE62 /* Debug */ = {
			isa = XCBuildConfiguration;
			buildSettings = {
				BUNDLE_LOADER = "$(TEST_HOST)";
				FRAMEWORK_SEARCH_PATHS = (
					"$(SDKROOT)/Developer/Library/Frameworks",
					"$(inherited)",
				);
				GCC_PREPROCESSOR_DEFINITIONS = (
					"DEBUG=1",
					"$(inherited)",
				);
				INFOPLIST_FILE = TouchLoginDemoTests/Info.plist;
				LD_RUNPATH_SEARCH_PATHS = "$(inherited) @executable_path/Frameworks @loader_path/Frameworks";
				PRODUCT_NAME = "$(TARGET_NAME)";
				TEST_HOST = "$(BUILT_PRODUCTS_DIR)/TouchLoginDemo.app/TouchLoginDemo";
			};
			name = Debug;
		};
		461246FD1A384A5C00F8BE62 /* Release */ = {
			isa = XCBuildConfiguration;
			buildSettings = {
				BUNDLE_LOADER = "$(TEST_HOST)";
				FRAMEWORK_SEARCH_PATHS = (
					"$(SDKROOT)/Developer/Library/Frameworks",
					"$(inherited)",
				);
				INFOPLIST_FILE = TouchLoginDemoTests/Info.plist;
				LD_RUNPATH_SEARCH_PATHS = "$(inherited) @executable_path/Frameworks @loader_path/Frameworks";
				PRODUCT_NAME = "$(TARGET_NAME)";
				TEST_HOST = "$(BUILT_PRODUCTS_DIR)/TouchLoginDemo.app/TouchLoginDemo";
			};
			name = Release;
		};
/* End XCBuildConfiguration section */

/* Begin XCConfigurationList section */
		461246D41A384A5C00F8BE62 /* Build configuration list for PBXProject "TouchLoginDemo" */ = {
			isa = XCConfigurationList;
			buildConfigurations = (
				461246F61A384A5C00F8BE62 /* Debug */,
				461246F71A384A5C00F8BE62 /* Release */,
			);
			defaultConfigurationIsVisible = 0;
			defaultConfigurationName = Release;
		};
		461246F81A384A5C00F8BE62 /* Build configuration list for PBXNativeTarget "TouchLoginDemo" */ = {
			isa = XCConfigurationList;
			buildConfigurations = (
				461246F91A384A5C00F8BE62 /* Debug */,
				461246FA1A384A5C00F8BE62 /* Release */,
			);
			defaultConfigurationIsVisible = 0;
			defaultConfigurationName = Release;
		};
		461246FB1A384A5C00F8BE62 /* Build configuration list for PBXNativeTarget "TouchLoginDemoTests" */ = {
			isa = XCConfigurationList;
			buildConfigurations = (
				461246FC1A384A5C00F8BE62 /* Debug */,
				461246FD1A384A5C00F8BE62 /* Release */,
			);
			defaultConfigurationIsVisible = 0;
			defaultConfigurationName = Release;
		};
/* End XCConfigurationList section */
	};
	rootObject = 461246D11A384A5C00F8BE62 /* Project object */;
}
